Microsoft Visual Studio Solution File, Format Version 11.00
# Visual Studio 2008

Project("{CB7655FB-CDD1-04B3-39E7-053868337DB7}") = "Lidar", "Assembly-CSharp.csproj", "{606C3AD6-E03A-21B7-F88A-F536437C7F14}"
EndProject
Global
	GlobalSection(SolutionConfigurationPlatforms) = preSolution
		Debug|Any CPU = Debug|Any CPU
		Release|Any CPU = Release|Any CPU
	EndGlobalSection
	GlobalSection(ProjectConfigurationPlatforms) = postSolution
		{606C3AD6-E03A-21B7-F88A-F536437C7F14}.Debug|Any CPU.ActiveCfg = Debug|Any CPU
		{606C3AD6-E03A-21B7-F88A-F536437C7F14}.Debug|Any CPU.Build.0 = Debug|Any CPU
		{606C3AD6-E03A-21B7-F88A-F536437C7F14}.Release|Any CPU.ActiveCfg = Release|Any CPU
		{606C3AD6-E03A-21B7-F88A-F536437C7F14}.Release|Any CPU.Build.0 = Release|Any CPU
	EndGlobalSection
	GlobalSection(SolutionProperties) = preSolution
		HideSolutionNode = FALSE
	EndGlobalSection
																																																																																																																																																	GlobalSection(MonoDevelopProperties) = preSolution
		StartupItem = Assembly-CSharp.csproj
		Policies = $0
		$0.TextStylePolicy = $1
		$1.inheritsSet = null
		$1.scope = text/x-csharp
		$0.CSharpFormattingPolicy = $2
		$2.inheritsSet = Mono
		$2.inheritsScope = text/x-csharp
		$2.scope = text/x-csharp
		$0.TextStylePolicy = $3
		$3.FileWidth = 120
		$3.TabWidth = 4
		$3.IndentWidth = 4
		$3.EolMarker = Unix
		$3.inheritsSet = Mono
		$3.inheritsScope = text/plain
		$3.scope = text/plain
	EndGlobalSection

EndGlobal
